
Microsoft Visual Studio Solution File, Format Version 12.00
# Visual Studio Version 17
VisualStudioVersion = 17.14.36429.23 d17.14
MinimumVisualStudioVersion = 10.0.40219.1
Project("{FAE04EC0-301F-11D3-BF4B-00C04F79EFBC}") = "Uyutov_isp-231_Dz1", "Uyutov_isp-231_Dz1.csproj", "{5281C26C-FA4E-426C-86F0-5197C4E170CA}"
EndProject
Global
	GlobalSection(SolutionConfigurationPlatforms) = preSolution
		Debug|Any CPU = Debug|Any CPU
		Release|Any CPU = Release|Any CPU
	EndGlobalSection
	GlobalSection(ProjectConfigurationPlatforms) = postSolution
		{5281C26C-FA4E-426C-86F0-5197C4E170CA}.Debug|Any CPU.ActiveCfg = Debug|Any CPU
		{5281C26C-FA4E-426C-86F0-5197C4E170CA}.Debug|Any CPU.Build.0 = Debug|Any CPU
		{5281C26C-FA4E-426C-86F0-5197C4E170CA}.Release|Any CPU.ActiveCfg = Release|Any CPU
		{5281C26C-FA4E-426C-86F0-5197C4E170CA}.Release|Any CPU.Build.0 = Release|Any CPU
	EndGlobalSection
	GlobalSection(SolutionProperties) = preSolution
		HideSolutionNode = FALSE
	EndGlobalSection
	GlobalSection(ExtensibilityGlobals) = postSolution
		SolutionGuid = {0333844B-117A-4B6A-8DD4-F4AE6DC213C4}
	EndGlobalSection
EndGlobal
